// !$*UTF8*$!
{
	archiveVersion = 1;
	classes = {
	};
	objectVersion = 46;
	objects = {

/* Begin PBXBuildFile section */
		07F1070C6319D29A2EB92DED /* libPods-eQuake.a in Frameworks */ = {isa = PBXBuildFile; fileRef = 13C2B063ED3DE9BB22BAF09F /* libPods-eQuake.a */; };
		D76F589B1AB921C700664AAC /* main.m in Sources */ = {isa = PBXBuildFile; fileRef = D76F589A1AB921C700664AAC /* main.m */; };
		D76F589E1AB921C700664AAC /* AppDelegate.m in Sources */ = {isa = PBXBuildFile; fileRef = D76F589D1AB921C700664AAC /* AppDelegate.m */; };
		D76F58A61AB921C700664AAC /* Images.xcassets in Resources */ = {isa = PBXBuildFile; fileRef = D76F58A51AB921C700664AAC /* Images.xcassets */; };
		D76F58A91AB921C700664AAC /* LaunchScreen.xib in Resources */ = {isa = PBXBuildFile; fileRef = D76F58A71AB921C700664AAC /* LaunchScreen.xib */; };
		D76F58B51AB921C700664AAC /* eQuakeTests.m in Sources */ = {isa = PBXBuildFile; fileRef = D76F58B41AB921C700664AAC /* eQuakeTests.m */; };
		D76F58C51AB9239300664AAC /* EarthQuakeList.m in Sources */ = {isa = PBXBuildFile; fileRef = D76F58C31AB9239300664AAC /* EarthQuakeList.m */; };
		D76F58C61AB9239300664AAC /* EarthQuakeList.xib in Resources */ = {isa = PBXBuildFile; fileRef = D76F58C41AB9239300664AAC /* EarthQuakeList.xib */; };
		D76F58CB1AB924E200664AAC /* EarthQuakeCellTableViewCell.m in Sources */ = {isa = PBXBuildFile; fileRef = D76F58C91AB924E200664AAC /* EarthQuakeCellTableViewCell.m */; };
		D76F58CC1AB924E200664AAC /* EarthQuakeCellTableViewCell.xib in Resources */ = {isa = PBXBuildFile; fileRef = D76F58CA1AB924E200664AAC /* EarthQuakeCellTableViewCell.xib */; };
		D76F58D21AB92DC600664AAC /* ColorMagnitudServices.m in Sources */ = {isa = PBXBuildFile; fileRef = D76F58D01AB92DC600664AAC /* ColorMagnitudServices.m */; };
		D76F58D61AB92E4C00664AAC /* EarthQuakeBusinessController.m in Sources */ = {isa = PBXBuildFile; fileRef = D76F58D51AB92E4C00664AAC /* EarthQuakeBusinessController.m */; };
		D76F58DB1AB9371800664AAC /* UIView+ColorOfPoint.m in Sources */ = {isa = PBXBuildFile; fileRef = D76F58DA1AB9371800664AAC /* UIView+ColorOfPoint.m */; };
/* End PBXBuildFile section */

/* Begin PBXContainerItemProxy section */
		D76F58AF1AB921C700664AAC /* PBXContainerItemProxy */ = {
			isa = PBXContainerItemProxy;
			containerPortal = D76F588D1AB921C700664AAC /* Project object */;
			proxyType = 1;
			remoteGlobalIDString = D76F58941AB921C700664AAC;
			remoteInfo = eQuake;
		};
/* End PBXContainerItemProxy section */

/* Begin PBXFileReference section */
		13C2B063ED3DE9BB22BAF09F /* libPods-eQuake.a */ = {isa = PBXFileReference; explicitFileType = archive.ar; includeInIndex = 0; path = "libPods-eQuake.a"; sourceTree = BUILT_PRODUCTS_DIR; };
		D76F58951AB921C700664AAC /* eQuake.app */ = {isa = PBXFileReference; explicitFileType = wrapper.application; includeInIndex = 0; path = eQuake.app; sourceTree = BUILT_PRODUCTS_DIR; };
		D76F58991AB921C700664AAC /* Info.plist */ = {isa = PBXFileReference; lastKnownFileType = text.plist.xml; path = Info.plist; sourceTree = "<group>"; };
		D76F589A1AB921C700664AAC /* main.m */ = {isa = PBXFileReference; lastKnownFileType = sourcecode.c.objc; path = main.m; sourceTree = "<group>"; };
		D76F589C1AB921C700664AAC /* AppDelegate.h */ = {isa = PBXFileReference; lastKnownFileType = sourcecode.c.h; path = AppDelegate.h; sourceTree = "<group>"; };
		D76F589D1AB921C700664AAC /* AppDelegate.m */ = {isa = PBXFileReference; lastKnownFileType = sourcecode.c.objc; path = AppDelegate.m; sourceTree = "<group>"; };
		D76F58A51AB921C700664AAC /* Images.xcassets */ = {isa = PBXFileReference; lastKnownFileType = folder.assetcatalog; path = Images.xcassets; sourceTree = "<group>"; };
		D76F58A81AB921C700664AAC /* Base */ = {isa = PBXFileReference; lastKnownFileType = file.xib; name = Base; path = Base.lproj/LaunchScreen.xib; sourceTree = "<group>"; };
		D76F58AE1AB921C700664AAC /* eQuakeTests.xctest */ = {isa = PBXFileReference; explicitFileType = wrapper.cfbundle; includeInIndex = 0; path = eQuakeTests.xctest; sourceTree = BUILT_PRODUCTS_DIR; };
		D76F58B31AB921C700664AAC /* Info.plist */ = {isa = PBXFileReference; lastKnownFileType = text.plist.xml; path = Info.plist; sourceTree = "<group>"; };
		D76F58B41AB921C700664AAC /* eQuakeTests.m */ = {isa = PBXFileReference; lastKnownFileType = sourcecode.c.objc; path = eQuakeTests.m; sourceTree = "<group>"; };
		D76F58C21AB9239300664AAC /* EarthQuakeList.h */ = {isa = PBXFileReference; fileEncoding = 4; lastKnownFileType = sourcecode.c.h; path = EarthQuakeList.h; sourceTree = "<group>"; };
		D76F58C31AB9239300664AAC /* EarthQuakeList.m */ = {isa = PBXFileReference; fileEncoding = 4; lastKnownFileType = sourcecode.c.objc; path = EarthQuakeList.m; sourceTree = "<group>"; };
		D76F58C41AB9239300664AAC /* EarthQuakeList.xib */ = {isa = PBXFileReference; fileEncoding = 4; lastKnownFileType = file.xib; path = EarthQuakeList.xib; sourceTree = "<group>"; };
		D76F58C81AB924E200664AAC /* EarthQuakeCellTableViewCell.h */ = {isa = PBXFileReference; fileEncoding = 4; lastKnownFileType = sourcecode.c.h; path = EarthQuakeCellTableViewCell.h; sourceTree = "<group>"; };
		D76F58C91AB924E200664AAC /* EarthQuakeCellTableViewCell.m */ = {isa = PBXFileReference; fileEncoding = 4; lastKnownFileType = sourcecode.c.objc; path = EarthQuakeCellTableViewCell.m; sourceTree = "<group>"; };
		D76F58CA1AB924E200664AAC /* EarthQuakeCellTableViewCell.xib */ = {isa = PBXFileReference; fileEncoding = 4; lastKnownFileType = file.xib; path = EarthQuakeCellTableViewCell.xib; sourceTree = "<group>"; };
		D76F58CF1AB92DC600664AAC /* ColorMagnitudServices.h */ = {isa = PBXFileReference; fileEncoding = 4; lastKnownFileType = sourcecode.c.h; path = ColorMagnitudServices.h; sourceTree = "<group>"; };
		D76F58D01AB92DC600664AAC /* ColorMagnitudServices.m */ = {isa = PBXFileReference; fileEncoding = 4; lastKnownFileType = sourcecode.c.objc; path = ColorMagnitudServices.m; sourceTree = "<group>"; };
		D76F58D11AB92DC600664AAC /* IColorMagnitudServices.h */ = {isa = PBXFileReference; fileEncoding = 4; lastKnownFileType = sourcecode.c.h; path = IColorMagnitudServices.h; sourceTree = "<group>"; };
		D76F58D41AB92E4C00664AAC /* EarthQuakeBusinessController.h */ = {isa = PBXFileReference; fileEncoding = 4; lastKnownFileType = sourcecode.c.h; path = EarthQuakeBusinessController.h; sourceTree = "<group>"; };
		D76F58D51AB92E4C00664AAC /* EarthQuakeBusinessController.m */ = {isa = PBXFileReference; fileEncoding = 4; lastKnownFileType = sourcecode.c.objc; path = EarthQuakeBusinessController.m; sourceTree = "<group>"; };
		D76F58D81AB933B600664AAC /* IEarthQuakeDelegate.h */ = {isa = PBXFileReference; lastKnownFileType = sourcecode.c.h; path = IEarthQuakeDelegate.h; sourceTree = "<group>"; };
		D76F58D91AB9371800664AAC /* UIView+ColorOfPoint.h */ = {isa = PBXFileReference; fileEncoding = 4; lastKnownFileType = sourcecode.c.h; path = "UIView+ColorOfPoint.h"; sourceTree = "<group>"; };
		D76F58DA1AB9371800664AAC /* UIView+ColorOfPoint.m */ = {isa = PBXFileReference; fileEncoding = 4; lastKnownFileType = sourcecode.c.objc; path = "UIView+ColorOfPoint.m"; sourceTree = "<group>"; };
		D9A49F892744DC5242692669 /* Pods-eQuake.release.xcconfig */ = {isa = PBXFileReference; includeInIndex = 1; lastKnownFileType = text.xcconfig; name = "Pods-eQuake.release.xcconfig"; path = "Pods/Target Support Files/Pods-eQuake/Pods-eQuake.release.xcconfig"; sourceTree = "<group>"; };
		E45F3E3EF56144B35CA5CE52 /* Pods-eQuake.debug.xcconfig */ = {isa = PBXFileReference; includeInIndex = 1; lastKnownFileType = text.xcconfig; name = "Pods-eQuake.debug.xcconfig"; path = "Pods/Target Support Files/Pods-eQuake/Pods-eQuake.debug.xcconfig"; sourceTree = "<group>"; };
/* End PBXFileReference section */

/* Begin PBXFrameworksBuildPhase section */
		D76F58921AB921C700664AAC /* Frameworks */ = {
			isa = PBXFrameworksBuildPhase;
			buildActionMask = 2147483647;
			files = (
				07F1070C6319D29A2EB92DED /* libPods-eQuake.a in Frameworks */,
			);
			runOnlyForDeploymentPostprocessing = 0;
		};
		D76F58AB1AB921C700664AAC /* Frameworks */ = {
			isa = PBXFrameworksBuildPhase;
			buildActionMask = 2147483647;
			files = (
			);
			runOnlyForDeploymentPostprocessing = 0;
		};
/* End PBXFrameworksBuildPhase section */

/* Begin PBXGroup section */
		960A7F1C72A5D8101933F6C6 /* Pods */ = {
			isa = PBXGroup;
			children = (
				E45F3E3EF56144B35CA5CE52 /* Pods-eQuake.debug.xcconfig */,
				D9A49F892744DC5242692669 /* Pods-eQuake.release.xcconfig */,
			);
			name = Pods;
			sourceTree = "<group>";
		};
		D76F588C1AB921C700664AAC = {
			isa = PBXGroup;
			children = (
				D76F58971AB921C700664AAC /* eQuake */,
				D76F58B11AB921C700664AAC /* eQuakeTests */,
				D76F58961AB921C700664AAC /* Products */,
				960A7F1C72A5D8101933F6C6 /* Pods */,
				E7C765EE8FD642F0230F4BC0 /* Frameworks */,
			);
			sourceTree = "<group>";
		};
		D76F58961AB921C700664AAC /* Products */ = {
			isa = PBXGroup;
			children = (
				D76F58951AB921C700664AAC /* eQuake.app */,
				D76F58AE1AB921C700664AAC /* eQuakeTests.xctest */,
			);
			name = Products;
			sourceTree = "<group>";
		};
		D76F58971AB921C700664AAC /* eQuake */ = {
			isa = PBXGroup;
			children = (
				D76F58BF1AB9234000664AAC /* QuakeDetail */,
				D76F58BE1AB9232F00664AAC /* QuakeList */,
				D76F589C1AB921C700664AAC /* AppDelegate.h */,
				D76F589D1AB921C700664AAC /* AppDelegate.m */,
				D76F58A51AB921C700664AAC /* Images.xcassets */,
				D76F58A71AB921C700664AAC /* LaunchScreen.xib */,
				D76F58981AB921C700664AAC /* Supporting Files */,
			);
			path = eQuake;
			sourceTree = "<group>";
		};
		D76F58981AB921C700664AAC /* Supporting Files */ = {
			isa = PBXGroup;
			children = (
				D76F58991AB921C700664AAC /* Info.plist */,
				D76F589A1AB921C700664AAC /* main.m */,
			);
			name = "Supporting Files";
			sourceTree = "<group>";
		};
		D76F58B11AB921C700664AAC /* eQuakeTests */ = {
			isa = PBXGroup;
			children = (
				D76F58B41AB921C700664AAC /* eQuakeTests.m */,
				D76F58B21AB921C700664AAC /* Supporting Files */,
			);
			path = eQuakeTests;
			sourceTree = "<group>";
		};
		D76F58B21AB921C700664AAC /* Supporting Files */ = {
			isa = PBXGroup;
			children = (
				D76F58B31AB921C700664AAC /* Info.plist */,
			);
			name = "Supporting Files";
			sourceTree = "<group>";
		};
		D76F58BE1AB9232F00664AAC /* QuakeList */ = {
			isa = PBXGroup;
			children = (
				D76F58D31AB92DE500664AAC /* BusinessController */,
				D76F58CD1AB92D9F00664AAC /* Services */,
				D76F58C01AB9235B00664AAC /* ViewController */,
			);
			name = QuakeList;
			sourceTree = "<group>";
		};
		D76F58BF1AB9234000664AAC /* QuakeDetail */ = {
			isa = PBXGroup;
			children = (
				D76F58C11AB9236300664AAC /* ViewController */,
			);
			name = QuakeDetail;
			sourceTree = "<group>";
		};
		D76F58C01AB9235B00664AAC /* ViewController */ = {
			isa = PBXGroup;
			children = (
				D76F58D71AB9337E00664AAC /* Protocols */,
				D76F58CE1AB92DB100664AAC /* Services  */,
				D76F58C71AB924A600664AAC /* Artifacts */,
				D76F58C21AB9239300664AAC /* EarthQuakeList.h */,
				D76F58C31AB9239300664AAC /* EarthQuakeList.m */,
				D76F58C41AB9239300664AAC /* EarthQuakeList.xib */,
			);
			name = ViewController;
			sourceTree = "<group>";
		};
		D76F58C11AB9236300664AAC /* ViewController */ = {
			isa = PBXGroup;
			children = (
			);
			name = ViewController;
			sourceTree = "<group>";
		};
		D76F58C71AB924A600664AAC /* Artifacts */ = {
			isa = PBXGroup;
			children = (
				D76F58C81AB924E200664AAC /* EarthQuakeCellTableViewCell.h */,
				D76F58C91AB924E200664AAC /* EarthQuakeCellTableViewCell.m */,
				D76F58CA1AB924E200664AAC /* EarthQuakeCellTableViewCell.xib */,
			);
			name = Artifacts;
			sourceTree = "<group>";
		};
		D76F58CD1AB92D9F00664AAC /* Services */ = {
			isa = PBXGroup;
			children = (
			);
			name = Services;
			sourceTree = "<group>";
		};
		D76F58CE1AB92DB100664AAC /* Services  */ = {
			isa = PBXGroup;
			children = (
				D76F58D91AB9371800664AAC /* UIView+ColorOfPoint.h */,
				D76F58DA1AB9371800664AAC /* UIView+ColorOfPoint.m */,
				D76F58CF1AB92DC600664AAC /* ColorMagnitudServices.h */,
				D76F58D01AB92DC600664AAC /* ColorMagnitudServices.m */,
				D76F58D11AB92DC600664AAC /* IColorMagnitudServices.h */,
			);
			name = "Services ";
			sourceTree = "<group>";
		};
		D76F58D31AB92DE500664AAC /* BusinessController */ = {
			isa = PBXGroup;
			children = (
				D76F58D41AB92E4C00664AAC /* EarthQuakeBusinessController.h */,
				D76F58D51AB92E4C00664AAC /* EarthQuakeBusinessController.m */,
			);
			name = BusinessController;
			sourceTree = "<group>";
		};
		D76F58D71AB9337E00664AAC /* Protocols */ = {
			isa = PBXGroup;
			children = (
				D76F58D81AB933B600664AAC /* IEarthQuakeDelegate.h */,
			);
			name = Protocols;
			sourceTree = "<group>";
		};
		E7C765EE8FD642F0230F4BC0 /* Frameworks */ = {
			isa = PBXGroup;
			children = (
				13C2B063ED3DE9BB22BAF09F /* libPods-eQuake.a */,
			);
			name = Frameworks;
			sourceTree = "<group>";
		};
/* End PBXGroup section */

/* Begin PBXNativeTarget section */
		D76F58941AB921C700664AAC /* eQuake */ = {
			isa = PBXNativeTarget;
			buildConfigurationList = D76F58B81AB921C700664AAC /* Build configuration list for PBXNativeTarget "eQuake" */;
			buildPhases = (
				83AB390A66D27B17991B27DB /* Check Pods Manifest.lock */,
				D76F58911AB921C700664AAC /* Sources */,
				D76F58921AB921C700664AAC /* Frameworks */,
				D76F58931AB921C700664AAC /* Resources */,
				FF487C6C66F8A17E7DA26D3E /* Copy Pods Resources */,
			);
			buildRules = (
			);
			dependencies = (
			);
			name = eQuake;
			productName = eQuake;
			productReference = D76F58951AB921C700664AAC /* eQuake.app */;
			productType = "com.apple.product-type.application";
		};
		D76F58AD1AB921C700664AAC /* eQuakeTests */ = {
			isa = PBXNativeTarget;
			buildConfigurationList = D76F58BB1AB921C700664AAC /* Build configuration list for PBXNativeTarget "eQuakeTests" */;
			buildPhases = (
				D76F58AA1AB921C700664AAC /* Sources */,
				D76F58AB1AB921C700664AAC /* Frameworks */,
				D76F58AC1AB921C700664AAC /* Resources */,
			);
			buildRules = (
			);
			dependencies = (
				D76F58B01AB921C700664AAC /* PBXTargetDependency */,
			);
			name = eQuakeTests;
			productName = eQuakeTests;
			productReference = D76F58AE1AB921C700664AAC /* eQuakeTests.xctest */;
			productType = "com.apple.product-type.bundle.unit-test";
		};
/* End PBXNativeTarget section */

/* Begin PBXProject section */
		D76F588D1AB921C700664AAC /* Project object */ = {
			isa = PBXProject;
			attributes = {
				LastUpgradeCheck = 0610;
				ORGANIZATIONNAME = cagide;
				TargetAttributes = {
					D76F58941AB921C700664AAC = {
						CreatedOnToolsVersion = 6.1.1;
					};
					D76F58AD1AB921C700664AAC = {
						CreatedOnToolsVersion = 6.1.1;
						TestTargetID = D76F58941AB921C700664AAC;
					};
				};
			};
			buildConfigurationList = D76F58901AB921C700664AAC /* Build configuration list for PBXProject "eQuake" */;
			compatibilityVersion = "Xcode 3.2";
			developmentRegion = English;
			hasScannedForEncodings = 0;
			knownRegions = (
				en,
				Base,
			);
			mainGroup = D76F588C1AB921C700664AAC;
			productRefGroup = D76F58961AB921C700664AAC /* Products */;
			projectDirPath = "";
			projectRoot = "";
			targets = (
				D76F58941AB921C700664AAC /* eQuake */,
				D76F58AD1AB921C700664AAC /* eQuakeTests */,
			);
		};
/* End PBXProject section */

/* Begin PBXResourcesBuildPhase section */
		D76F58931AB921C700664AAC /* Resources */ = {
			isa = PBXResourcesBuildPhase;
			buildActionMask = 2147483647;
			files = (
				D76F58A91AB921C700664AAC /* LaunchScreen.xib in Resources */,
				D76F58A61AB921C700664AAC /* Images.xcassets in Resources */,
				D76F58CC1AB924E200664AAC /* EarthQuakeCellTableViewCell.xib in Resources */,
				D76F58C61AB9239300664AAC /* EarthQuakeList.xib in Resources */,
			);
			runOnlyForDeploymentPostprocessing = 0;
		};
		D76F58AC1AB921C700664AAC /* Resources */ = {
			isa = PBXResourcesBuildPhase;
			buildActionMask = 2147483647;
			files = (
			);
			runOnlyForDeploymentPostprocessing = 0;
		};
/* End PBXResourcesBuildPhase section */

/* Begin PBXShellScriptBuildPhase section */
		83AB390A66D27B17991B27DB /* Check Pods Manifest.lock */ = {
			isa = PBXShellScriptBuildPhase;
			buildActionMask = 2147483647;
			files = (
			);
			inputPaths = (
			);
			name = "Check Pods Manifest.lock";
			outputPaths = (
			);
			runOnlyForDeploymentPostprocessing = 0;
			shellPath = /bin/sh;
			shellScript = "diff \"${PODS_ROOT}/../Podfile.lock\" \"${PODS_ROOT}/Manifest.lock\" > /dev/null\nif [[ $? != 0 ]] ; then\n    cat << EOM\nerror: The sandbox is not in sync with the Podfile.lock. Run 'pod install' or update your CocoaPods installation.\nEOM\n    exit 1\nfi\n";
			showEnvVarsInLog = 0;
		};
		FF487C6C66F8A17E7DA26D3E /* Copy Pods Resources */ = {
			isa = PBXShellScriptBuildPhase;
			buildActionMask = 2147483647;
			files = (
			);
			inputPaths = (
			);
			name = "Copy Pods Resources";
			outputPaths = (
			);
			runOnlyForDeploymentPostprocessing = 0;
			shellPath = /bin/sh;
			shellScript = "\"${SRCROOT}/Pods/Target Support Files/Pods-eQuake/Pods-eQuake-resources.sh\"\n";
			showEnvVarsInLog = 0;
		};
/* End PBXShellScriptBuildPhase section */

/* Begin PBXSourcesBuildPhase section */
		D76F58911AB921C700664AAC /* Sources */ = {
			isa = PBXSourcesBuildPhase;
			buildActionMask = 2147483647;
			files = (
				D76F58C51AB9239300664AAC /* EarthQuakeList.m in Sources */,
				D76F589E1AB921C700664AAC /* AppDelegate.m in Sources */,
				D76F58D61AB92E4C00664AAC /* EarthQuakeBusinessController.m in Sources */,
				D76F58CB1AB924E200664AAC /* EarthQuakeCellTableViewCell.m in Sources */,
				D76F58DB1AB9371800664AAC /* UIView+ColorOfPoint.m in Sources */,
				D76F58D21AB92DC600664AAC /* ColorMagnitudServices.m in Sources */,
				D76F589B1AB921C700664AAC /* main.m in Sources */,
			);
			runOnlyForDeploymentPostprocessing = 0;
		};
		D76F58AA1AB921C700664AAC /* Sources */ = {
			isa = PBXSourcesBuildPhase;
			buildActionMask = 2147483647;
			files = (
				D76F58B51AB921C700664AAC /* eQuakeTests.m in Sources */,
			);
			runOnlyForDeploymentPostprocessing = 0;
		};
/* End PBXSourcesBuildPhase section */

/* Begin PBXTargetDependency section */
		D76F58B01AB921C700664AAC /* PBXTargetDependency */ = {
			isa = PBXTargetDependency;
			target = D76F58941AB921C700664AAC /* eQuake */;
			targetProxy = D76F58AF1AB921C700664AAC /* PBXContainerItemProxy */;
		};
/* End PBXTargetDependency section */

/* Begin PBXVariantGroup section */
		D76F58A71AB921C700664AAC /* LaunchScreen.xib */ = {
			isa = PBXVariantGroup;
			children = (
				D76F58A81AB921C700664AAC /* Base */,
			);
			name = LaunchScreen.xib;
			sourceTree = "<group>";
		};
/* End PBXVariantGroup section */

/* Begin XCBuildConfiguration section */
		D76F58B61AB921C700664AAC /* Debug */ = {
			isa = XCBuildConfiguration;
			buildSettings = {
				ALWAYS_SEARCH_USER_PATHS = NO;
				CLANG_CXX_LANGUAGE_STANDARD = "gnu++0x";
				CLANG_CXX_LIBRARY = "libc++";
				CLANG_ENABLE_MODULES = YES;
				CLANG_ENABLE_OBJC_ARC = YES;
				CLANG_WARN_BOOL_CONVERSION = YES;
				CLANG_WARN_CONSTANT_CONVERSION = YES;
				CLANG_WARN_DIRECT_OBJC_ISA_USAGE = YES_ERROR;
				CLANG_WARN_EMPTY_BODY = YES;
				CLANG_WARN_ENUM_CONVERSION = YES;
				CLANG_WARN_INT_CONVERSION = YES;
				CLANG_WARN_OBJC_ROOT_CLASS = YES_ERROR;
				CLANG_WARN_UNREACHABLE_CODE = YES;
				CLANG_WARN__DUPLICATE_METHOD_MATCH = YES;
				"CODE_SIGN_IDENTITY[sdk=iphoneos*]" = "iPhone Developer";
				COPY_PHASE_STRIP = NO;
				ENABLE_STRICT_OBJC_MSGSEND = YES;
				GCC_C_LANGUAGE_STANDARD = gnu99;
				GCC_DYNAMIC_NO_PIC = NO;
				GCC_OPTIMIZATION_LEVEL = 0;
				GCC_PREPROCESSOR_DEFINITIONS = (
					"DEBUG=1",
					"$(inherited)",
				);
				GCC_SYMBOLS_PRIVATE_EXTERN = NO;
				GCC_WARN_64_TO_32_BIT_CONVERSION = YES;
				GCC_WARN_ABOUT_RETURN_TYPE = YES_ERROR;
				GCC_WARN_UNDECLARED_SELECTOR = YES;
				GCC_WARN_UNINITIALIZED_AUTOS = YES_AGGRESSIVE;
				GCC_WARN_UNUSED_FUNCTION = YES;
				GCC_WARN_UNUSED_VARIABLE = YES;
				IPHONEOS_DEPLOYMENT_TARGET = 8.1;
				MTL_ENABLE_DEBUG_INFO = YES;
				ONLY_ACTIVE_ARCH = YES;
				SDKROOT = iphoneos;
			};
			name = Debug;
		};
		D76F58B71AB921C700664AAC /* Release */ = {
			isa = XCBuildConfiguration;
			buildSettings = {
				ALWAYS_SEARCH_USER_PATHS = NO;
				CLANG_CXX_LANGUAGE_STANDARD = "gnu++0x";
				CLANG_CXX_LIBRARY = "libc++";
				CLANG_ENABLE_MODULES = YES;
				CLANG_ENABLE_OBJC_ARC = YES;
				CLANG_WARN_BOOL_CONVERSION = YES;
				CLANG_WARN_CONSTANT_CONVERSION = YES;
				CLANG_WARN_DIRECT_OBJC_ISA_USAGE = YES_ERROR;
				CLANG_WARN_EMPTY_BODY = YES;
				CLANG_WARN_ENUM_CONVERSION = YES;
				CLANG_WARN_INT_CONVERSION = YES;
				CLANG_WARN_OBJC_ROOT_CLASS = YES_ERROR;
				CLANG_WARN_UNREACHABLE_CODE = YES;
				CLANG_WARN__DUPLICATE_METHOD_MATCH = YES;
				"CODE_SIGN_IDENTITY[sdk=iphoneos*]" = "iPhone Developer";
				COPY_PHASE_STRIP = YES;
				ENABLE_NS_ASSERTIONS = NO;
				ENABLE_STRICT_OBJC_MSGSEND = YES;
				GCC_C_LANGUAGE_STANDARD = gnu99;
				GCC_WARN_64_TO_32_BIT_CONVERSION = YES;
				GCC_WARN_ABOUT_RETURN_TYPE = YES_ERROR;
				GCC_WARN_UNDECLARED_SELECTOR = YES;
				GCC_WARN_UNINITIALIZED_AUTOS = YES_AGGRESSIVE;
				GCC_WARN_UNUSED_FUNCTION = YES;
				GCC_WARN_UNUSED_VARIABLE = YES;
				IPHONEOS_DEPLOYMENT_TARGET = 8.1;
				MTL_ENABLE_DEBUG_INFO = NO;
				SDKROOT = iphoneos;
				VALIDATE_PRODUCT = YES;
			};
			name = Release;
		};
		D76F58B91AB921C700664AAC /* Debug */ = {
			isa = XCBuildConfiguration;
			baseConfigurationReference = E45F3E3EF56144B35CA5CE52 /* Pods-eQuake.debug.xcconfig */;
			buildSettings = {
				ASSETCATALOG_COMPILER_APPICON_NAME = AppIcon;
				INFOPLIST_FILE = eQuake/Info.plist;
				LD_RUNPATH_SEARCH_PATHS = "$(inherited) @executable_path/Frameworks";
				PRODUCT_NAME = "$(TARGET_NAME)";
			};
			name = Debug;
		};
		D76F58BA1AB921C700664AAC /* Release */ = {
			isa = XCBuildConfiguration;
			baseConfigurationReference = D9A49F892744DC5242692669 /* Pods-eQuake.release.xcconfig */;
			buildSettings = {
				ASSETCATALOG_COMPILER_APPICON_NAME = AppIcon;
				INFOPLIST_FILE = eQuake/Info.plist;
				LD_RUNPATH_SEARCH_PATHS = "$(inherited) @executable_path/Frameworks";
				PRODUCT_NAME = "$(TARGET_NAME)";
			};
			name = Release;
		};
		D76F58BC1AB921C700664AAC /* Debug */ = {
			isa = XCBuildConfiguration;
			buildSettings = {
				BUNDLE_LOADER = "$(TEST_HOST)";
				FRAMEWORK_SEARCH_PATHS = (
					"$(SDKROOT)/Developer/Library/Frameworks",
					"$(inherited)",
				);
				GCC_PREPROCESSOR_DEFINITIONS = (
					"DEBUG=1",
					"$(inherited)",
				);
				INFOPLIST_FILE = eQuakeTests/Info.plist;
				LD_RUNPATH_SEARCH_PATHS = "$(inherited) @executable_path/Frameworks @loader_path/Frameworks";
				PRODUCT_NAME = "$(TARGET_NAME)";
				TEST_HOST = "$(BUILT_PRODUCTS_DIR)/eQuake.app/eQuake";
			};
			name = Debug;
		};
		D76F58BD1AB921C700664AAC /* Release */ = {
			isa = XCBuildConfiguration;
			buildSettings = {
				BUNDLE_LOADER = "$(TEST_HOST)";
				FRAMEWORK_SEARCH_PATHS = (
					"$(SDKROOT)/Developer/Library/Frameworks",
					"$(inherited)",
				);
				INFOPLIST_FILE = eQuakeTests/Info.plist;
				LD_RUNPATH_SEARCH_PATHS = "$(inherited) @executable_path/Frameworks @loader_path/Frameworks";
				PRODUCT_NAME = "$(TARGET_NAME)";
				TEST_HOST = "$(BUILT_PRODUCTS_DIR)/eQuake.app/eQuake";
			};
			name = Release;
		};
/* End XCBuildConfiguration section */

/* Begin XCConfigurationList section */
		D76F58901AB921C700664AAC /* Build configuration list for PBXProject "eQuake" */ = {
			isa = XCConfigurationList;
			buildConfigurations = (
				D76F58B61AB921C700664AAC /* Debug */,
				D76F58B71AB921C700664AAC /* Release */,
			);
			defaultConfigurationIsVisible = 0;
			defaultConfigurationName = Release;
		};
		D76F58B81AB921C700664AAC /* Build configuration list for PBXNativeTarget "eQuake" */ = {
			isa = XCConfigurationList;
			buildConfigurations = (
				D76F58B91AB921C700664AAC /* Debug */,
				D76F58BA1AB921C700664AAC /* Release */,
			);
			defaultConfigurationIsVisible = 0;
			defaultConfigurationName = Release;
		};
		D76F58BB1AB921C700664AAC /* Build configuration list for PBXNativeTarget "eQuakeTests" */ = {
			isa = XCConfigurationList;
			buildConfigurations = (
				D76F58BC1AB921C700664AAC /* Debug */,
				D76F58BD1AB921C700664AAC /* Release */,
			);
			defaultConfigurationIsVisible = 0;
			defaultConfigurationName = Release;
		};
/* End XCConfigurationList section */
	};
	rootObject = D76F588D1AB921C700664AAC /* Project object */;
}
